PODS:
  - audioplayers (0.0.1):
    - Flutter
  - barcode_scan (0.0.1):
    - Flutter
    - MTBBarcodeScanner
    - SwiftProtobuf
  - camera (0.0.1):
    - Flutter
  - Flutter (1.0.0)
  - flutter_ijkplayer (0.0.1):
    - Flutter
    - FlutterIJK (~> 0.1.0)
  - flutter_image_compress (0.0.1):
    - Flutter
    - Mantle
    - SDWebImageWebPCoder
  - FlutterIJK (0.1.1)
  - fluttertoast (0.0.2):
    - Flutter
  - FMDB (2.7.5):
    - FMDB/standard (= 2.7.5)
  - FMDB/standard (2.7.5)
  - image_picker (0.0.1):
    - Flutter
  - libwebp (1.1.0):
    - libwebp/demux (= 1.1.0)
    - libwebp/mux (= 1.1.0)
    - libwebp/webp (= 1.1.0)
  - libwebp/demux (1.1.0):
    - libwebp/webp
  - libwebp/mux (1.1.0):
    - libwebp/demux
  - libwebp/webp (1.1.0)
  - Mantle (2.1.1):
    - Mantle/extobjc (= 2.1.1)
  - Mantle/extobjc (2.1.1)
  - MTBBarcodeScanner (5.0.11)
  - package_info (0.0.1):
    - Flutter
  - path_provider (0.0.1):
    - Flutter
  - qrscan (0.0.1):
    - Flutter
  - SDWebImage/Core (5.8.1)
  - SDWebImageWebPCoder (0.6.1):
    - libwebp (~> 1.0)
    - SDWebImage/Core (~> 5.7)
  - shared_preferences (0.0.1):
    - Flutter
  - sqflite (0.0.1):
    - Flutter
    - FMDB (~> 2.7.2)
  - SwiftProtobuf (1.11.0)
  - video_player (0.0.1):
    - Flutter
  - webview_flutter (0.0.1):
    - Flutter

DEPENDENCIES:
  - audioplayers (from `.symlinks/plugins/audioplayers/ios`)
  - barcode_scan (from `.symlinks/plugins/barcode_scan/ios`)
  - camera (from `.symlinks/plugins/camera/ios`)
  - Flutter (from `Flutter`)
  - flutter_ijkplayer (from `.symlinks/plugins/flutter_ijkplayer/ios`)
  - flutter_image_compress (from `.symlinks/plugins/flutter_image_compress/ios`)
  - fluttertoast (from `.symlinks/plugins/fluttertoast/ios`)
  - image_picker (from `.symlinks/plugins/image_picker/ios`)
  - package_info (from `.symlinks/plugins/package_info/ios`)
  - path_provider (from `.symlinks/plugins/path_provider/ios`)
  - qrscan (from `.symlinks/plugins/qrscan/ios`)
  - shared_preferences (from `.symlinks/plugins/shared_preferences/ios`)
  - sqflite (from `.symlinks/plugins/sqflite/ios`)
  - video_player (from `.symlinks/plugins/video_player/ios`)
  - webview_flutter (from `.symlinks/plugins/webview_flutter/ios`)

SPEC REPOS:
  trunk:
    - FlutterIJK
    - FMDB
    - libwebp
    - Mantle
    - MTBBarcodeScanner
    - SDWebImage
    - SDWebImageWebPCoder
    - SwiftProtobuf

EXTERNAL SOURCES:
  audioplayers:
    :path: ".symlinks/plugins/audioplayers/ios"
  barcode_scan:
    :path: ".symlinks/plugins/barcode_scan/ios"
  camera:
    :path: ".symlinks/plugins/camera/ios"
  Flutter:
    :path: Flutter
  flutter_ijkplayer:
    :path: ".symlinks/plugins/flutter_ijkplayer/ios"
  flutter_image_compress:
    :path: ".symlinks/plugins/flutter_image_compress/ios"
  fluttertoast:
    :path: ".symlinks/plugins/fluttertoast/ios"
  image_picker:
    :path: ".symlinks/plugins/image_picker/ios"
  package_info:
    :path: ".symlinks/plugins/package_info/ios"
  path_provider:
    :path: ".symlinks/plugins/path_provider/ios"
  qrscan:
    :path: ".symlinks/plugins/qrscan/ios"
  shared_preferences:
    :path: ".symlinks/plugins/shared_preferences/ios"
  sqflite:
    :path: ".symlinks/plugins/sqflite/ios"
  video_player:
    :path: ".symlinks/plugins/video_player/ios"
  webview_flutter:
    :path: ".symlinks/plugins/webview_flutter/ios"

SPEC CHECKSUMS:
  audioplayers: 84f968cea3f2deab00ec4f8ff53358b3c0b3992c
  barcode_scan: a5c27959edfafaa0c771905bad0b29d6d39e4479
  camera: 38cc83ae9a5667bb5a71c7d9edaf60a91920fd4e
  Flutter: 0e3d915762c693b495b44d77113d4970485de6ec
  flutter_ijkplayer: ef9006131553deb6d8ae6d7fbd3bcbf93b135930
  flutter_image_compress: 082f8daaf6c1b0c9fe798251c750ef0ecd98d7ae
  FlutterIJK: f3c0ead9ca31b93d993d46dda53156fdc7b22d2c
  fluttertoast: b644586ef3b16f67fae9a1f8754cef6b2d6b634b
  FMDB: 2ce00b547f966261cd18927a3ddb07cb6f3db82a
  image_picker: 66aa71bc96850a90590a35d4c4a2907b0d823109
  libwebp: 40fb682a65546d6e327e34372ec4317847e7323d
  Mantle: 35238ae6f2e2b2d474fa7b67fee82a59fea71915
  MTBBarcodeScanner: f453b33c4b7dfe545d8c6484ed744d55671788cb
  package_info: 48b108e75b8802c2d5e126f208ef540561c98aef
  path_provider: fb74bd0465e96b594bb3b5088ee4a4e7bb1f2a9d
  qrscan: 42f49ba37d3c423a3b140434003e821135cfc4c3
  SDWebImage: e3eae2eda88578db0685a0c88597fdadd9433f05
  SDWebImageWebPCoder: d0dac55073088d24b2ac1b191a71a8f8d0adac21
  shared_preferences: 430726339841afefe5142b9c1f50cb6bd7793e01
  sqflite: 4001a31ff81d210346b500c55b17f4d6c7589dd0
  SwiftProtobuf: f889fe5772f90ef7d7b8aac352d1fddf39650713
  video_player: 9cc823b1d9da7e8427ee591e8438bfbcde500e6e
  webview_flutter: d2b4d6c66968ad042ad94cbb791f5b72b4678a96

PODFILE CHECKSUM: aafe91acc616949ddb318b77800a7f51bffa2a4c

COCOAPODS: 1.9.1
